// !$*UTF8*$!
{
	archiveVersion = 1;
	classes = {
	};
	objectVersion = 55;
	objects = {

/* Begin PBXBuildFile section */
		27301E1027A7759500712804 /* AppDelegate.swift in Sources */ = {isa = PBXBuildFile; fileRef = 27301E0F27A7759500712804 /* AppDelegate.swift */; };
		27301E1227A7759500712804 /* SceneDelegate.swift in Sources */ = {isa = PBXBuildFile; fileRef = 27301E1127A7759500712804 /* SceneDelegate.swift */; };
		27301E1427A7759500712804 /* ViewController.swift in Sources */ = {isa = PBXBuildFile; fileRef = 27301E1327A7759500712804 /* ViewController.swift */; };
		27301E1727A7759500712804 /* Main.storyboard in Resources */ = {isa = PBXBuildFile; fileRef = 27301E1527A7759500712804 /* Main.storyboard */; };
		27301E1927A7759700712804 /* Assets.xcassets in Resources */ = {isa = PBXBuildFile; fileRef = 27301E1827A7759700712804 /* Assets.xcassets */; };
		27301E1C27A7759700712804 /* LaunchScreen.storyboard in Resources */ = {isa = PBXBuildFile; fileRef = 27301E1A27A7759700712804 /* LaunchScreen.storyboard */; };
		27301E2727A7759700712804 /* Kintali_AkshayTests.swift in Sources */ = {isa = PBXBuildFile; fileRef = 27301E2627A7759700712804 /* Kintali_AkshayTests.swift */; };
		27301E3127A7759700712804 /* Kintali_AkshayUITests.swift in Sources */ = {isa = PBXBuildFile; fileRef = 27301E3027A7759700712804 /* Kintali_AkshayUITests.swift */; };
		27301E3327A7759700712804 /* Kintali_AkshayUITestsLaunchTests.swift in Sources */ = {isa = PBXBuildFile; fileRef = 27301E3227A7759700712804 /* Kintali_AkshayUITestsLaunchTests.swift */; };
/* End PBXBuildFile section */

/* Begin PBXContainerItemProxy section */
		27301E2327A7759700712804 /* PBXContainerItemProxy */ = {
			isa = PBXContainerItemProxy;
			containerPortal = 27301E0427A7759500712804 /* Project object */;
			proxyType = 1;
			remoteGlobalIDString = 27301E0B27A7759500712804;
			remoteInfo = Kintali_Akshay;
		};
		27301E2D27A7759700712804 /* PBXContainerItemProxy */ = {
			isa = PBXContainerItemProxy;
			containerPortal = 27301E0427A7759500712804 /* Project object */;
			proxyType = 1;
			remoteGlobalIDString = 27301E0B27A7759500712804;
			remoteInfo = Kintali_Akshay;
		};
/* End PBXContainerItemProxy section */

/* Begin PBXFileReference section */
		27301E0C27A7759500712804 /* Kintali_Akshay.app */ = {isa = PBXFileReference; explicitFileType = wrapper.application; includeInIndex = 0; path = Kintali_Akshay.app; sourceTree = BUILT_PRODUCTS_DIR; };
		27301E0F27A7759500712804 /* AppDelegate.swift */ = {isa = PBXFileReference; lastKnownFileType = sourcecode.swift; path = AppDelegate.swift; sourceTree = "<group>"; };
		27301E1127A7759500712804 /* SceneDelegate.swift */ = {isa = PBXFileReference; lastKnownFileType = sourcecode.swift; path = SceneDelegate.swift; sourceTree = "<group>"; };
		27301E1327A7759500712804 /* ViewController.swift */ = {isa = PBXFileReference; lastKnownFileType = sourcecode.swift; path = ViewController.swift; sourceTree = "<group>"; };
		27301E1627A7759500712804 /* Base */ = {isa = PBXFileReference; lastKnownFileType = file.storyboard; name = Base; path = Base.lproj/Main.storyboard; sourceTree = "<group>"; };
		27301E1827A7759700712804 /* Assets.xcassets */ = {isa = PBXFileReference; lastKnownFileType = folder.assetcatalog; path = Assets.xcassets; sourceTree = "<group>"; };
		27301E1B27A7759700712804 /* Base */ = {isa = PBXFileReference; lastKnownFileType = file.storyboard; name = Base; path = Base.lproj/LaunchScreen.storyboard; sourceTree = "<group>"; };
		27301E1D27A7759700712804 /* Info.plist */ = {isa = PBXFileReference; lastKnownFileType = text.plist.xml; path = Info.plist; sourceTree = "<group>"; };
		27301E2227A7759700712804 /* Kintali_AkshayTests.xctest */ = {isa = PBXFileReference; explicitFileType = wrapper.cfbundle; includeInIndex = 0; path = Kintali_AkshayTests.xctest; sourceTree = BUILT_PRODUCTS_DIR; };
		27301E2627A7759700712804 /* Kintali_AkshayTests.swift */ = {isa = PBXFileReference; lastKnownFileType = sourcecode.swift; path = Kintali_AkshayTests.swift; sourceTree = "<group>"; };
		27301E2C27A7759700712804 /* Kintali_AkshayUITests.xctest */ = {isa = PBXFileReference; explicitFileType = wrapper.cfbundle; includeInIndex = 0; path = Kintali_AkshayUITests.xctest; sourceTree = BUILT_PRODUCTS_DIR; };
		27301E3027A7759700712804 /* Kintali_AkshayUITests.swift */ = {isa = PBXFileReference; lastKnownFileType = sourcecode.swift; path = Kintali_AkshayUITests.swift; sourceTree = "<group>"; };
		27301E3227A7759700712804 /* Kintali_AkshayUITestsLaunchTests.swift */ = {isa = PBXFileReference; lastKnownFileType = sourcecode.swift; path = Kintali_AkshayUITestsLaunchTests.swift; sourceTree = "<group>"; };
/* End PBXFileReference section */

/* Begin PBXFrameworksBuildPhase section */
		27301E0927A7759500712804 /* Frameworks */ = {
			isa = PBXFrameworksBuildPhase;
			buildActionMask = 2147483647;
			files = (
			);
			runOnlyForDeploymentPostprocessing = 0;
		};
		27301E1F27A7759700712804 /* Frameworks */ = {
			isa = PBXFrameworksBuildPhase;
			buildActionMask = 2147483647;
			files = (
			);
			runOnlyForDeploymentPostprocessing = 0;
		};
		27301E2927A7759700712804 /* Frameworks */ = {
			isa = PBXFrameworksBuildPhase;
			buildActionMask = 2147483647;
			files = (
			);
			runOnlyForDeploymentPostprocessing = 0;
		};
/* End PBXFrameworksBuildPhase section */

/* Begin PBXGroup section */
		27301E0327A7759500712804 = {
			isa = PBXGroup;
			children = (
				27301E0E27A7759500712804 /* Kintali_Akshay */,
				27301E2527A7759700712804 /* Kintali_AkshayTests */,
				27301E2F27A7759700712804 /* Kintali_AkshayUITests */,
				27301E0D27A7759500712804 /* Products */,
			);
			sourceTree = "<group>";
		};
		27301E0D27A7759500712804 /* Products */ = {
			isa = PBXGroup;
			children = (
				27301E0C27A7759500712804 /* Kintali_Akshay.app */,
				27301E2227A7759700712804 /* Kintali_AkshayTests.xctest */,
				27301E2C27A7759700712804 /* Kintali_AkshayUITests.xctest */,
			);
			name = Products;
			sourceTree = "<group>";
		};
		27301E0E27A7759500712804 /* Kintali_Akshay */ = {
			isa = PBXGroup;
			children = (
				27301E0F27A7759500712804 /* AppDelegate.swift */,
				27301E1127A7759500712804 /* SceneDelegate.swift */,
				27301E1327A7759500712804 /* ViewController.swift */,
				27301E1527A7759500712804 /* Main.storyboard */,
				27301E1827A7759700712804 /* Assets.xcassets */,
				27301E1A27A7759700712804 /* LaunchScreen.storyboard */,
				27301E1D27A7759700712804 /* Info.plist */,
			);
			path = Kintali_Akshay;
			sourceTree = "<group>";
		};
		27301E2527A7759700712804 /* Kintali_AkshayTests */ = {
			isa = PBXGroup;
			children = (
				27301E2627A7759700712804 /* Kintali_AkshayTests.swift */,
			);
			path = Kintali_AkshayTests;
			sourceTree = "<group>";
		};
		27301E2F27A7759700712804 /* Kintali_AkshayUITests */ = {
			isa = PBXGroup;
			children = (
				27301E3027A7759700712804 /* Kintali_AkshayUITests.swift */,
				27301E3227A7759700712804 /* Kintali_AkshayUITestsLaunchTests.swift */,
			);
			path = Kintali_AkshayUITests;
			sourceTree = "<group>";
		};
/* End PBXGroup section */

/* Begin PBXNativeTarget section */
		27301E0B27A7759500712804 /* Kintali_Akshay */ = {
			isa = PBXNativeTarget;
			buildConfigurationList = 27301E3627A7759700712804 /* Build configuration list for PBXNativeTarget "Kintali_Akshay" */;
			buildPhases = (
				27301E0827A7759500712804 /* Sources */,
				27301E0927A7759500712804 /* Frameworks */,
				27301E0A27A7759500712804 /* Resources */,
			);
			buildRules = (
			);
			dependencies = (
			);
			name = Kintali_Akshay;
			productName = Kintali_Akshay;
			productReference = 27301E0C27A7759500712804 /* Kintali_Akshay.app */;
			productType = "com.apple.product-type.application";
		};
		27301E2127A7759700712804 /* Kintali_AkshayTests */ = {
			isa = PBXNativeTarget;
			buildConfigurationList = 27301E3927A7759700712804 /* Build configuration list for PBXNativeTarget "Kintali_AkshayTests" */;
			buildPhases = (
				27301E1E27A7759700712804 /* Sources */,
				27301E1F27A7759700712804 /* Frameworks */,
				27301E2027A7759700712804 /* Resources */,
			);
			buildRules = (
			);
			dependencies = (
				27301E2427A7759700712804 /* PBXTargetDependency */,
			);
			name = Kintali_AkshayTests;
			productName = Kintali_AkshayTests;
			productReference = 27301E2227A7759700712804 /* Kintali_AkshayTests.xctest */;
			productType = "com.apple.product-type.bundle.unit-test";
		};
		27301E2B27A7759700712804 /* Kintali_AkshayUITests */ = {
			isa = PBXNativeTarget;
			buildConfigurationList = 27301E3C27A7759700712804 /* Build configuration list for PBXNativeTarget "Kintali_AkshayUITests" */;
			buildPhases = (
				27301E2827A7759700712804 /* Sources */,
				27301E2927A7759700712804 /* Frameworks */,
				27301E2A27A7759700712804 /* Resources */,
			);
			buildRules = (
			);
			dependencies = (
				27301E2E27A7759700712804 /* PBXTargetDependency */,
			);
			name = Kintali_AkshayUITests;
			productName = Kintali_AkshayUITests;
			productReference = 27301E2C27A7759700712804 /* Kintali_AkshayUITests.xctest */;
			productType = "com.apple.product-type.bundle.ui-testing";
		};
/* End PBXNativeTarget section */

/* Begin PBXProject section */
		27301E0427A7759500712804 /* Project object */ = {
			isa = PBXProject;
			attributes = {
				BuildIndependentTargetsInParallel = 1;
				LastSwiftUpdateCheck = 1320;
				LastUpgradeCheck = 1320;
				TargetAttributes = {
					27301E0B27A7759500712804 = {
						CreatedOnToolsVersion = 13.2.1;
					};
					27301E2127A7759700712804 = {
						CreatedOnToolsVersion = 13.2.1;
						TestTargetID = 27301E0B27A7759500712804;
					};
					27301E2B27A7759700712804 = {
						CreatedOnToolsVersion = 13.2.1;
						TestTargetID = 27301E0B27A7759500712804;
					};
				};
			};
			buildConfigurationList = 27301E0727A7759500712804 /* Build configuration list for PBXProject "Kintali_Akshay" */;
			compatibilityVersion = "Xcode 13.0";
			developmentRegion = en;
			hasScannedForEncodings = 0;
			knownRegions = (
				en,
				Base,
			);
			mainGroup = 27301E0327A7759500712804;
			productRefGroup = 27301E0D27A7759500712804 /* Products */;
			projectDirPath = "";
			projectRoot = "";
			targets = (
				27301E0B27A7759500712804 /* Kintali_Akshay */,
				27301E2127A7759700712804 /* Kintali_AkshayTests */,
				27301E2B27A7759700712804 /* Kintali_AkshayUITests */,
			);
		};
/* End PBXProject section */

/* Begin PBXResourcesBuildPhase section */
		27301E0A27A7759500712804 /* Resources */ = {
			isa = PBXResourcesBuildPhase;
			buildActionMask = 2147483647;
			files = (
				27301E1C27A7759700712804 /* LaunchScreen.storyboard in Resources */,
				27301E1927A7759700712804 /* Assets.xcassets in Resources */,
				27301E1727A7759500712804 /* Main.storyboard in Resources */,
			);
			runOnlyForDeploymentPostprocessing = 0;
		};
		27301E2027A7759700712804 /* Resources */ = {
			isa = PBXResourcesBuildPhase;
			buildActionMask = 2147483647;
			files = (
			);
			runOnlyForDeploymentPostprocessing = 0;
		};
		27301E2A27A7759700712804 /* Resources */ = {
			isa = PBXResourcesBuildPhase;
			buildActionMask = 2147483647;
			files = (
			);
			runOnlyForDeploymentPostprocessing = 0;
		};
/* End PBXResourcesBuildPhase section */

/* Begin PBXSourcesBuildPhase section */
		27301E0827A7759500712804 /* Sources */ = {
			isa = PBXSourcesBuildPhase;
			buildActionMask = 2147483647;
			files = (
				27301E1427A7759500712804 /* ViewController.swift in Sources */,
				27301E1027A7759500712804 /* AppDelegate.swift in Sources */,
				27301E1227A7759500712804 /* SceneDelegate.swift in Sources */,
			);
			runOnlyForDeploymentPostprocessing = 0;
		};
		27301E1E27A7759700712804 /* Sources */ = {
			isa = PBXSourcesBuildPhase;
			buildActionMask = 2147483647;
			files = (
				27301E2727A7759700712804 /* Kintali_AkshayTests.swift in Sources */,
			);
			runOnlyForDeploymentPostprocessing = 0;
		};
		27301E2827A7759700712804 /* Sources */ = {
			isa = PBXSourcesBuildPhase;
			buildActionMask = 2147483647;
			files = (
				27301E3327A7759700712804 /* Kintali_AkshayUITestsLaunchTests.swift in Sources */,
				27301E3127A7759700712804 /* Kintali_AkshayUITests.swift in Sources */,
			);
			runOnlyForDeploymentPostprocessing = 0;
		};
/* End PBXSourcesBuildPhase section */

/* Begin PBXTargetDependency section */
		27301E2427A7759700712804 /* PBXTargetDependency */ = {
			isa = PBXTargetDependency;
			target = 27301E0B27A7759500712804 /* Kintali_Akshay */;
			targetProxy = 27301E2327A7759700712804 /* PBXContainerItemProxy */;
		};
		27301E2E27A7759700712804 /* PBXTargetDependency */ = {
			isa = PBXTargetDependency;
			target = 27301E0B27A7759500712804 /* Kintali_Akshay */;
			targetProxy = 27301E2D27A7759700712804 /* PBXContainerItemProxy */;
		};
/* End PBXTargetDependency section */

/* Begin PBXVariantGroup section */
		27301E1527A7759500712804 /* Main.storyboard */ = {
			isa = PBXVariantGroup;
			children = (
				27301E1627A7759500712804 /* Base */,
			);
			name = Main.storyboard;
			sourceTree = "<group>";
		};
		27301E1A27A7759700712804 /* LaunchScreen.storyboard */ = {
			isa = PBXVariantGroup;
			children = (
				27301E1B27A7759700712804 /* Base */,
			);
			name = LaunchScreen.storyboard;
			sourceTree = "<group>";
		};
/* End PBXVariantGroup section */

/* Begin XCBuildConfiguration section */
		27301E3427A7759700712804 /* Debug */ = {
			isa = XCBuildConfiguration;
			buildSettings = {
				ALWAYS_SEARCH_USER_PATHS = NO;
				CLANG_ANALYZER_NONNULL = YES;
				CLANG_ANALYZER_NUMBER_OBJECT_CONVERSION = YES_AGGRESSIVE;
				CLANG_CXX_LANGUAGE_STANDARD = "gnu++17";
				CLANG_CXX_LIBRARY = "libc++";
				CLANG_ENABLE_MODULES = YES;
				CLANG_ENABLE_OBJC_ARC = YES;
				CLANG_ENABLE_OBJC_WEAK = YES;
				CLANG_WARN_BLOCK_CAPTURE_AUTORELEASING = YES;
				CLANG_WARN_BOOL_CONVERSION = YES;
				CLANG_WARN_COMMA = YES;
				CLANG_WARN_CONSTANT_CONVERSION = YES;
				CLANG_WARN_DEPRECATED_OBJC_IMPLEMENTATIONS = YES;
				CLANG_WARN_DIRECT_OBJC_ISA_USAGE = YES_ERROR;
				CLANG_WARN_DOCUMENTATION_COMMENTS = YES;
				CLANG_WARN_EMPTY_BODY = YES;
				CLANG_WARN_ENUM_CONVERSION = YES;
				CLANG_WARN_INFINITE_RECURSION = YES;
				CLANG_WARN_INT_CONVERSION = YES;
				CLANG_WARN_NON_LITERAL_NULL_CONVERSION = YES;
				CLANG_WARN_OBJC_IMPLICIT_RETAIN_SELF = YES;
				CLANG_WARN_OBJC_LITERAL_CONVERSION = YES;
				CLANG_WARN_OBJC_ROOT_CLASS = YES_ERROR;
				CLANG_WARN_QUOTED_INCLUDE_IN_FRAMEWORK_HEADER = YES;
				CLANG_WARN_RANGE_LOOP_ANALYSIS = YES;
				CLANG_WARN_STRICT_PROTOTYPES = YES;
				CLANG_WARN_SUSPICIOUS_MOVE = YES;
				CLANG_WARN_UNGUARDED_AVAILABILITY = YES_AGGRESSIVE;
				CLANG_WARN_UNREACHABLE_CODE = YES;
				CLANG_WARN__DUPLICATE_METHOD_MATCH = YES;
				COPY_PHASE_STRIP = NO;
				DEBUG_INFORMATION_FORMAT = dwarf;
				ENABLE_STRICT_OBJC_MSGSEND = YES;
				ENABLE_TESTABILITY = YES;
				GCC_C_LANGUAGE_STANDARD = gnu11;
				GCC_DYNAMIC_NO_PIC = NO;
				GCC_NO_COMMON_BLOCKS = YES;
				GCC_OPTIMIZATION_LEVEL = 0;
				GCC_PREPROCESSOR_DEFINITIONS = (
					"DEBUG=1",
					"$(inherited)",
				);
				GCC_WARN_64_TO_32_BIT_CONVERSION = YES;
				GCC_WARN_ABOUT_RETURN_TYPE = YES_ERROR;
				GCC_WARN_UNDECLARED_SELECTOR = YES;
				GCC_WARN_UNINITIALIZED_AUTOS = YES_AGGRESSIVE;
				GCC_WARN_UNUSED_FUNCTION = YES;
				GCC_WARN_UNUSED_VARIABLE = YES;
				IPHONEOS_DEPLOYMENT_TARGET = 15.2;
				MTL_ENABLE_DEBUG_INFO = INCLUDE_SOURCE;
				MTL_FAST_MATH = YES;
				ONLY_ACTIVE_ARCH = YES;
				SDKROOT = iphoneos;
				SWIFT_ACTIVE_COMPILATION_CONDITIONS = DEBUG;
				SWIFT_OPTIMIZATION_LEVEL = "-Onone";
			};
			name = Debug;
		};
		27301E3527A7759700712804 /* Release */ = {
			isa = XCBuildConfiguration;
			buildSettings = {
				ALWAYS_SEARCH_USER_PATHS = NO;
				CLANG_ANALYZER_NONNULL = YES;
				CLANG_ANALYZER_NUMBER_OBJECT_CONVERSION = YES_AGGRESSIVE;
				CLANG_CXX_LANGUAGE_STANDARD = "gnu++17";
				CLANG_CXX_LIBRARY = "libc++";
				CLANG_ENABLE_MODULES = YES;
				CLANG_ENABLE_OBJC_ARC = YES;
				CLANG_ENABLE_OBJC_WEAK = YES;
				CLANG_WARN_BLOCK_CAPTURE_AUTORELEASING = YES;
				CLANG_WARN_BOOL_CONVERSION = YES;
				CLANG_WARN_COMMA = YES;
				CLANG_WARN_CONSTANT_CONVERSION = YES;
				CLANG_WARN_DEPRECATED_OBJC_IMPLEMENTATIONS = YES;
				CLANG_WARN_DIRECT_OBJC_ISA_USAGE = YES_ERROR;
				CLANG_WARN_DOCUMENTATION_COMMENTS = YES;
				CLANG_WARN_EMPTY_BODY = YES;
				CLANG_WARN_ENUM_CONVERSION = YES;
				CLANG_WARN_INFINITE_RECURSION = YES;
				CLANG_WARN_INT_CONVERSION = YES;
				CLANG_WARN_NON_LITERAL_NULL_CONVERSION = YES;
				CLANG_WARN_OBJC_IMPLICIT_RETAIN_SELF = YES;
				CLANG_WARN_OBJC_LITERAL_CONVERSION = YES;
				CLANG_WARN_OBJC_ROOT_CLASS = YES_ERROR;
				CLANG_WARN_QUOTED_INCLUDE_IN_FRAMEWORK_HEADER = YES;
				CLANG_WARN_RANGE_LOOP_ANALYSIS = YES;
				CLANG_WARN_STRICT_PROTOTYPES = YES;
				CLANG_WARN_SUSPICIOUS_MOVE = YES;
				CLANG_WARN_UNGUARDED_AVAILABILITY = YES_AGGRESSIVE;
				CLANG_WARN_UNREACHABLE_CODE = YES;
				CLANG_WARN__DUPLICATE_METHOD_MATCH = YES;
				COPY_PHASE_STRIP = NO;
				DEBUG_INFORMATION_FORMAT = "dwarf-with-dsym";
				ENABLE_NS_ASSERTIONS = NO;
				ENABLE_STRICT_OBJC_MSGSEND = YES;
				GCC_C_LANGUAGE_STANDARD = gnu11;
				GCC_NO_COMMON_BLOCKS = YES;
				GCC_WARN_64_TO_32_BIT_CONVERSION = YES;
				GCC_WARN_ABOUT_RETURN_TYPE = YES_ERROR;
				GCC_WARN_UNDECLARED_SELECTOR = YES;
				GCC_WARN_UNINITIALIZED_AUTOS = YES_AGGRESSIVE;
				GCC_WARN_UNUSED_FUNCTION = YES;
				GCC_WARN_UNUSED_VARIABLE = YES;
				IPHONEOS_DEPLOYMENT_TARGET = 15.2;
				MTL_ENABLE_DEBUG_INFO = NO;
				MTL_FAST_MATH = YES;
				SDKROOT = iphoneos;
				SWIFT_COMPILATION_MODE = wholemodule;
				SWIFT_OPTIMIZATION_LEVEL = "-O";
				VALIDATE_PRODUCT = YES;
			};
			name = Release;
		};
		27301E3727A7759700712804 /* Debug */ = {
			isa = XCBuildConfiguration;
			buildSettings = {
				ASSETCATALOG_COMPILER_APPICON_NAME = AppIcon;
				ASSETCATALOG_COMPILER_GLOBAL_ACCENT_COLOR_NAME = AccentColor;
				CODE_SIGN_STYLE = Automatic;
				CURRENT_PROJECT_VERSION = 1;
				GENERATE_INFOPLIST_FILE = YES;
				INFOPLIST_FILE = Kintali_Akshay/Info.plist;
				INFOPLIST_KEY_CFBundleDisplayName = Kintali_Akshay;
				INFOPLIST_KEY_UIApplicationSupportsIndirectInputEvents = YES;
				INFOPLIST_KEY_UILaunchStoryboardName = LaunchScreen;
				INFOPLIST_KEY_UIMainStoryboardFile = Main;
				INFOPLIST_KEY_UISupportedInterfaceOrientations_iPad = "UIInterfaceOrientationPortrait UIInterfaceOrientationPortraitUpsideDown UIInterfaceOrientationLandscapeLeft UIInterfaceOrientationLandscapeRight";
				INFOPLIST_KEY_UISupportedInterfaceOrientations_iPhone = "UIInterfaceOrientationPortrait UIInterfaceOrientationLandscapeLeft UIInterfaceOrientationLandscapeRight";
				LD_RUNPATH_SEARCH_PATHS = (
					"$(inherited)",
					"@executable_path/Frameworks",
				);
				MARKETING_VERSION = 1.0;
				PRODUCT_BUNDLE_IDENTIFIER = "nwmsu.Kintali-Akshay";
				PRODUCT_NAME = "$(TARGET_NAME)";
				SWIFT_EMIT_LOC_STRINGS = YES;
				SWIFT_VERSION = 5.0;
				TARGETED_DEVICE_FAMILY = "1,2";
			};
			name = Debug;
		};
		27301E3827A7759700712804 /* Release */ = {
			isa = XCBuildConfiguration;
			buildSettings = {
				ASSETCATALOG_COMPILER_APPICON_NAME = AppIcon;
				ASSETCATALOG_COMPILER_GLOBAL_ACCENT_COLOR_NAME = AccentColor;
				CODE_SIGN_STYLE = Automatic;
				CURRENT_PROJECT_VERSION = 1;
				GENERATE_INFOPLIST_FILE = YES;
				INFOPLIST_FILE = Kintali_Akshay/Info.plist;
				INFOPLIST_KEY_CFBundleDisplayName = Kintali_Akshay;
				INFOPLIST_KEY_UIApplicationSupportsIndirectInputEvents = YES;
				INFOPLIST_KEY_UILaunchStoryboardName = LaunchScreen;
				INFOPLIST_KEY_UIMainStoryboardFile = Main;
				INFOPLIST_KEY_UISupportedInterfaceOrientations_iPad = "UIInterfaceOrientationPortrait UIInterfaceOrientationPortraitUpsideDown UIInterfaceOrientationLandscapeLeft UIInterfaceOrientationLandscapeRight";
				INFOPLIST_KEY_UISupportedInterfaceOrientations_iPhone = "UIInterfaceOrientationPortrait UIInterfaceOrientationLandscapeLeft UIInterfaceOrientationLandscapeRight";
				LD_RUNPATH_SEARCH_PATHS = (
					"$(inherited)",
					"@executable_path/Frameworks",
				);
				MARKETING_VERSION = 1.0;
				PRODUCT_BUNDLE_IDENTIFIER = "nwmsu.Kintali-Akshay";
				PRODUCT_NAME = "$(TARGET_NAME)";
				SWIFT_EMIT_LOC_STRINGS = YES;
				SWIFT_VERSION = 5.0;
				TARGETED_DEVICE_FAMILY = "1,2";
			};
			name = Release;
		};
		27301E3A27A7759700712804 /* Debug */ = {
			isa = XCBuildConfiguration;
			buildSettings = {
				ALWAYS_EMBED_SWIFT_STANDARD_LIBRARIES = YES;
				BUNDLE_LOADER = "$(TEST_HOST)";
				CODE_SIGN_STYLE = Automatic;
				CURRENT_PROJECT_VERSION = 1;
				GENERATE_INFOPLIST_FILE = YES;
				IPHONEOS_DEPLOYMENT_TARGET = 15.2;
				MARKETING_VERSION = 1.0;
				PRODUCT_BUNDLE_IDENTIFIER = "nwmsu.Kintali-AkshayTests";
				PRODUCT_NAME = "$(TARGET_NAME)";
				SWIFT_EMIT_LOC_STRINGS = NO;
				SWIFT_VERSION = 5.0;
				TARGETED_DEVICE_FAMILY = "1,2";
				TEST_HOST = "$(BUILT_PRODUCTS_DIR)/Kintali_Akshay.app/Kintali_Akshay";
			};
			name = Debug;
		};
		27301E3B27A7759700712804 /* Release */ = {
			isa = XCBuildConfiguration;
			buildSettings = {
				ALWAYS_EMBED_SWIFT_STANDARD_LIBRARIES = YES;
				BUNDLE_LOADER = "$(TEST_HOST)";
				CODE_SIGN_STYLE = Automatic;
				CURRENT_PROJECT_VERSION = 1;
				GENERATE_INFOPLIST_FILE = YES;
				IPHONEOS_DEPLOYMENT_TARGET = 15.2;
				MARKETING_VERSION = 1.0;
				PRODUCT_BUNDLE_IDENTIFIER = "nwmsu.Kintali-AkshayTests";
				PRODUCT_NAME = "$(TARGET_NAME)";
				SWIFT_EMIT_LOC_STRINGS = NO;
				SWIFT_VERSION = 5.0;
				TARGETED_DEVICE_FAMILY = "1,2";
				TEST_HOST = "$(BUILT_PRODUCTS_DIR)/Kintali_Akshay.app/Kintali_Akshay";
			};
			name = Release;
		};
		27301E3D27A7759700712804 /* Debug */ = {
			isa = XCBuildConfiguration;
			buildSettings = {
				ALWAYS_EMBED_SWIFT_STANDARD_LIBRARIES = YES;
				CODE_SIGN_STYLE = Automatic;
				CURRENT_PROJECT_VERSION = 1;
				GENERATE_INFOPLIST_FILE = YES;
				MARKETING_VERSION = 1.0;
				PRODUCT_BUNDLE_IDENTIFIER = "nwmsu.Kintali-AkshayUITests";
				PRODUCT_NAME = "$(TARGET_NAME)";
				SWIFT_EMIT_LOC_STRINGS = NO;
				SWIFT_VERSION = 5.0;
				TARGETED_DEVICE_FAMILY = "1,2";
				TEST_TARGET_NAME = Kintali_Akshay;
			};
			name = Debug;
		};
		27301E3E27A7759700712804 /* Release */ = {
			isa = XCBuildConfiguration;
			buildSettings = {
				ALWAYS_EMBED_SWIFT_STANDARD_LIBRARIES = YES;
				CODE_SIGN_STYLE = Automatic;
				CURRENT_PROJECT_VERSION = 1;
				GENERATE_INFOPLIST_FILE = YES;
				MARKETING_VERSION = 1.0;
				PRODUCT_BUNDLE_IDENTIFIER = "nwmsu.Kintali-AkshayUITests";
				PRODUCT_NAME = "$(TARGET_NAME)";
				SWIFT_EMIT_LOC_STRINGS = NO;
				SWIFT_VERSION = 5.0;
				TARGETED_DEVICE_FAMILY = "1,2";
				TEST_TARGET_NAME = Kintali_Akshay;
			};
			name = Release;
		};
/* End XCBuildConfiguration section */

/* Begin XCConfigurationList section */
		27301E0727A7759500712804 /* Build configuration list for PBXProject "Kintali_Akshay" */ = {
			isa = XCConfigurationList;
			buildConfigurations = (
				27301E3427A7759700712804 /* Debug */,
				27301E3527A7759700712804 /* Release */,
			);
			defaultConfigurationIsVisible = 0;
			defaultConfigurationName = Release;
		};
		27301E3627A7759700712804 /* Build configuration list for PBXNativeTarget "Kintali_Akshay" */ = {
			isa = XCConfigurationList;
			buildConfigurations = (
				27301E3727A7759700712804 /* Debug */,
				27301E3827A7759700712804 /* Release */,
			);
			defaultConfigurationIsVisible = 0;
			defaultConfigurationName = Release;
		};
		27301E3927A7759700712804 /* Build configuration list for PBXNativeTarget "Kintali_AkshayTests" */ = {
			isa = XCConfigurationList;
			buildConfigurations = (
				27301E3A27A7759700712804 /* Debug */,
				27301E3B27A7759700712804 /* Release */,
			);
			defaultConfigurationIsVisible = 0;
			defaultConfigurationName = Release;
		};
		27301E3C27A7759700712804 /* Build configuration list for PBXNativeTarget "Kintali_AkshayUITests" */ = {
			isa = XCConfigurationList;
			buildConfigurations = (
				27301E3D27A7759700712804 /* Debug */,
				27301E3E27A7759700712804 /* Release */,
			);
			defaultConfigurationIsVisible = 0;
			defaultConfigurationName = Release;
		};
/* End XCConfigurationList section */
	};
	rootObject = 27301E0427A7759500712804 /* Project object */;
}
